
Microsoft Visual Studio Solution File, Format Version 12.00
# Visual Studio Version 17
VisualStudioVersion = 17.14.37111.16
MinimumVisualStudioVersion = 10.0.40219.1
Project("{FAE04EC0-301F-11D3-BF4B-00C04F79EFBC}") = "FamilyEventPlanner.Api", "FamilyEventPlanner.Api.csproj", "{CDBE0172-E1FF-4AEA-8AE2-FEA2991B32E2}"
EndProject
Project("{FAE04EC0-301F-11D3-BF4B-00C04F79EFBC}") = "FamilyEventPlanner.Api.Tests", "..\FamilyEventPlanner.Api.Tests\FamilyEventPlanner.Api.Tests.csproj", "{3F5F2525-8893-437A-A890-68BFE0DE3941}"
EndProject
Global
	GlobalSection(SolutionConfigurationPlatforms) = preSolution
		Debug|Any CPU = Debug|Any CPU
		Debug|x64 = Debug|x64
		Debug|x86 = Debug|x86
		Release|Any CPU = Release|Any CPU
		Release|x64 = Release|x64
		Release|x86 = Release|x86
	EndGlobalSection
	GlobalSection(ProjectConfigurationPlatforms) = postSolution
		{CDBE0172-E1FF-4AEA-8AE2-FEA2991B32E2}.Debug|Any CPU.ActiveCfg = Debug|Any CPU
		{CDBE0172-E1FF-4AEA-8AE2-FEA2991B32E2}.Debug|Any CPU.Build.0 = Debug|Any CPU
		{CDBE0172-E1FF-4AEA-8AE2-FEA2991B32E2}.Debug|x64.ActiveCfg = Debug|Any CPU
		{CDBE0172-E1FF-4AEA-8AE2-FEA2991B32E2}.Debug|x64.Build.0 = Debug|Any CPU
		{CDBE0172-E1FF-4AEA-8AE2-FEA2991B32E2}.Debug|x86.ActiveCfg = Debug|Any CPU
		{CDBE0172-E1FF-4AEA-8AE2-FEA2991B32E2}.Debug|x86.Build.0 = Debug|Any CPU
		{CDBE0172-E1FF-4AEA-8AE2-FEA2991B32E2}.Release|Any CPU.ActiveCfg = Release|Any CPU
		{CDBE0172-E1FF-4AEA-8AE2-FEA2991B32E2}.Release|Any CPU.Build.0 = Release|Any CPU
		{CDBE0172-E1FF-4AEA-8AE2-FEA2991B32E2}.Release|x64.ActiveCfg = Release|Any CPU
		{CDBE0172-E1FF-4AEA-8AE2-FEA2991B32E2}.Release|x64.Build.0 = Release|Any CPU
		{CDBE0172-E1FF-4AEA-8AE2-FEA2991B32E2}.Release|x86.ActiveCfg = Release|Any CPU
		{CDBE0172-E1FF-4AEA-8AE2-FEA2991B32E2}.Release|x86.Build.0 = Release|Any CPU
		{3F5F2525-8893-437A-A890-68BFE0DE3941}.Debug|Any CPU.ActiveCfg = Debug|Any CPU
		{3F5F2525-8893-437A-A890-68BFE0DE3941}.Debug|Any CPU.Build.0 = Debug|Any CPU
		{3F5F2525-8893-437A-A890-68BFE0DE3941}.Debug|x64.ActiveCfg = Debug|Any CPU
		{3F5F2525-8893-437A-A890-68BFE0DE3941}.Debug|x64.Build.0 = Debug|Any CPU
		{3F5F2525-8893-437A-A890-68BFE0DE3941}.Debug|x86.ActiveCfg = Debug|Any CPU
		{3F5F2525-8893-437A-A890-68BFE0DE3941}.Debug|x86.Build.0 = Debug|Any CPU
		{3F5F2525-8893-437A-A890-68BFE0DE3941}.Release|Any CPU.ActiveCfg = Release|Any CPU
		{3F5F2525-8893-437A-A890-68BFE0DE3941}.Release|Any CPU.Build.0 = Release|Any CPU
		{3F5F2525-8893-437A-A890-68BFE0DE3941}.Release|x64.ActiveCfg = Release|Any CPU
		{3F5F2525-8893-437A-A890-68BFE0DE3941}.Release|x64.Build.0 = Release|Any CPU
		{3F5F2525-8893-437A-A890-68BFE0DE3941}.Release|x86.ActiveCfg = Release|Any CPU
		{3F5F2525-8893-437A-A890-68BFE0DE3941}.Release|x86.Build.0 = Release|Any CPU
	EndGlobalSection
	GlobalSection(SolutionProperties) = preSolution
		HideSolutionNode = FALSE
	EndGlobalSection
	GlobalSection(ExtensibilityGlobals) = postSolution
		SolutionGuid = {5B0D883B-34C1-45D2-9C51-A9E4A9E78439}
	EndGlobalSection
EndGlobal
